
Microsoft Visual Studio Solution File, Format Version 12.00
# Visual Studio 15
VisualStudioVersion = 15.0.27428.2037
MinimumVisualStudioVersion = 10.0.40219.1
Project("{FAE04EC0-301F-11D3-BF4B-00C04F79EFBC}") = "Url2Pdf.Api", "Url2Pdf.Api\Url2Pdf.Api.csproj", "{90CB2903-86C1-4580-92AD-7730291E59D7}"
EndProject
Project("{E53339B2-1760-4266-BCC7-CA923CBCF16C}") = "docker-compose", "docker-compose.dcproj", "{99EE1B26-2BDA-48BA-A0B7-92B44FB4877B}"
EndProject
Project("{FAE04EC0-301F-11D3-BF4B-00C04F79EFBC}") = "Url2Pdf.Core", "Url2Pdf.Core\Url2Pdf.Core.csproj", "{F7D999AF-2E1B-4B2F-91DB-1A485B9785A3}"
EndProject
Global
	GlobalSection(SolutionConfigurationPlatforms) = preSolution
		Debug|Any CPU = Debug|Any CPU
		Release|Any CPU = Release|Any CPU
	EndGlobalSection
	GlobalSection(ProjectConfigurationPlatforms) = postSolution
		{90CB2903-86C1-4580-92AD-7730291E59D7}.Debug|Any CPU.ActiveCfg = Debug|Any CPU
		{90CB2903-86C1-4580-92AD-7730291E59D7}.Debug|Any CPU.Build.0 = Debug|Any CPU
		{90CB2903-86C1-4580-92AD-7730291E59D7}.Release|Any CPU.ActiveCfg = Release|Any CPU
		{90CB2903-86C1-4580-92AD-7730291E59D7}.Release|Any CPU.Build.0 = Release|Any CPU
		{99EE1B26-2BDA-48BA-A0B7-92B44FB4877B}.Debug|Any CPU.ActiveCfg = Debug|Any CPU
		{99EE1B26-2BDA-48BA-A0B7-92B44FB4877B}.Debug|Any CPU.Build.0 = Debug|Any CPU
		{99EE1B26-2BDA-48BA-A0B7-92B44FB4877B}.Release|Any CPU.ActiveCfg = Release|Any CPU
		{99EE1B26-2BDA-48BA-A0B7-92B44FB4877B}.Release|Any CPU.Build.0 = Release|Any CPU
		{F7D999AF-2E1B-4B2F-91DB-1A485B9785A3}.Debug|Any CPU.ActiveCfg = Debug|Any CPU
		{F7D999AF-2E1B-4B2F-91DB-1A485B9785A3}.Debug|Any CPU.Build.0 = Debug|Any CPU
		{F7D999AF-2E1B-4B2F-91DB-1A485B9785A3}.Release|Any CPU.ActiveCfg = Release|Any CPU
		{F7D999AF-2E1B-4B2F-91DB-1A485B9785A3}.Release|Any CPU.Build.0 = Release|Any CPU
	EndGlobalSection
	GlobalSection(SolutionProperties) = preSolution
		HideSolutionNode = FALSE
	EndGlobalSection
	GlobalSection(ExtensibilityGlobals) = postSolution
		SolutionGuid = {5D853420-646E-4DAC-B616-FA029523B91E}
	EndGlobalSection
EndGlobal
